lockfileVersion: '9.0'

settings:
  autoInstallPeers: true
  excludeLinksFromLockfile: false

importers:

  .:
    devDependencies:
      '@openzeppelin/contracts':
        specifier: 5.1.0
        version: 5.1.0

packages:

  '@openzeppelin/contracts@5.1.0':
    resolution: {integrity: sha512-p1ULhl7BXzjjbha5aqst+QMLY+4/LCWADXOCsmLHRM77AqiPjnd9vvUN9sosUfhL9JGKpZ0TjEGxgvnizmWGSA==}

snapshots:

  '@openzeppelin/contracts@5.1.0': {}
